{
  "originHash" : "11d9cce2e69d36998cef49fb630bcda255872408020e96b16c223884e333320b",
  "pins" : [
    {
      "identity" : "filemonitor",
      "kind" : "remoteSourceControl",
      "location" : "https://github.com/aus-der-Technik/FileMonitor.git",
      "state" : {
        "revision" : "5adbe8f2383eac5148475ef84977806bbd33e8d7",
        "version" : "1.2.1"
      }
    },
    {
      "identity" : "logger",
      "kind" : "remoteSourceControl",
      "location" : "https://github.com/tomieq/Logger.git",
      "state" : {
        "revision" : "85301b460dce3c4671054a879895fa3df3bbf9fe",
        "version" : "1.1.0"
      }
    },
    {
      "identity" : "swifter",
      "kind" : "remoteSourceControl",
      "location" : "https://github.com/tomieq/swifter.git",
      "state" : {
        "revision" : "f80410f8ad1e47db4d126faf2447f7f9a7af4bc0",
        "version" : "3.1.1"
      }
    },
    {
      "identity" : "swiftextensions",
      "kind" : "remoteSourceControl",
      "location" : "https://github.com/tomieq/SwiftExtensions",
      "state" : {
        "revision" : "25f8cafc1f6f4fa0e162ae383d96f93943b05ad9",
        "version" : "2.0.0"
      }
    }
  ],
  "version" : 3
}
